<?xml version="1.0" encoding="utf-8"?>
<Project ToolsVersion="4.0" xmlns="http://schemas.microsoft.com/developer/msbuild/2003">
  <ItemGroup>
    <ClCompile Include="SimpleMQTTPublisher.h" />
    <ClCompile Include="Core\ControlPacketFormat.c">
      <Filter>Core</Filter>
    </ClCompile>
    <ClCompile Include="Core\DataType.c">
      <Filter>Core</Filter>
    </ClCompile>
    <ClCompile Include="Core\ConnectionRequest.c">
      <Filter>Core</Filter>
    </ClCompile>
    <ClCompile Include="Core\ConnectAcknowledgement.c">
      <Filter>Core</Filter>
    </ClCompile>
    <ClCompile Include="Core\DisconnectNotification.c">
      <Filter>Core</Filter>
    </ClCompile>
    <ClCompile Include="Core\Utility.c">
      <Filter>Core</Filter>
    </ClCompile>
  </ItemGroup>
  <ItemGroup>
    <None Include="SimpleMQTTPublisher.def" />
  </ItemGroup>
  <ItemGroup>
    <Filter Include="Core">
      <UniqueIdentifier>{50a4918e-cc79-4ecd-a788-6f39656f525d}</UniqueIdentifier>
    </Filter>
  </ItemGroup>
  <ItemGroup>
    <ClInclude Include="Core\ControlPacketFormat.h">
      <Filter>Core</Filter>
    </ClInclude>
    <ClInclude Include="Core\DataType.h">
      <Filter>Core</Filter>
    </ClInclude>
    <ClInclude Include="Core\ConnectionRequest.h">
      <Filter>Core</Filter>
    </ClInclude>
    <ClInclude Include="Core\ConnectAcknowledgement.h">
      <Filter>Core</Filter>
    </ClInclude>
    <ClInclude Include="Core\DisconnectNotification.h">
      <Filter>Core</Filter>
    </ClInclude>
    <ClInclude Include="Core\Utility.h">
      <Filter>Core</Filter>
    </ClInclude>
  </ItemGroup>
</Project>