
Microsoft Visual Studio Solution File, Format Version 12.00
# Visual Studio Version 17
VisualStudioVersion = 17.7.34009.444
MinimumVisualStudioVersion = 10.0.40219.1
Project("{8BC9CEB8-8B4A-11D0-8D11-00A0C91BC942}") = "SimpleMQTTPublisher", "SimpleMQTTPublisher\SimpleMQTTPublisher.vcxproj", "{38FBFAB0-17DC-48A3-9AD8-2E72A8C9F23D}"
EndProject
Project("{8BC9CEB8-8B4A-11D0-8D11-00A0C91BC942}") = "SampleApp", "SampleApp\SampleApp.vcxproj", "{C785953C-CA6B-4AC5-ACF4-5A47E500B974}"
EndProject
Project("{8BC9CEB8-8B4A-11D0-8D11-00A0C91BC942}") = "SimpleMQTTPublisherTest", "SimpleMQTTPublisherTest\SimpleMQTTPublisherTest.vcxproj", "{00BD3906-0936-41DA-93CE-80E3EC8EEEA2}"
EndProject
Global
	GlobalSection(SolutionConfigurationPlatforms) = preSolution
		Debug|x64 = Debug|x64
		Debug|x86 = Debug|x86
		Release|x64 = Release|x64
		Release|x86 = Release|x86
	EndGlobalSection
	GlobalSection(ProjectConfigurationPlatforms) = postSolution
		{38FBFAB0-17DC-48A3-9AD8-2E72A8C9F23D}.Debug|x64.ActiveCfg = Debug|x64
		{38FBFAB0-17DC-48A3-9AD8-2E72A8C9F23D}.Debug|x64.Build.0 = Debug|x64
		{38FBFAB0-17DC-48A3-9AD8-2E72A8C9F23D}.Debug|x86.ActiveCfg = Debug|Win32
		{38FBFAB0-17DC-48A3-9AD8-2E72A8C9F23D}.Debug|x86.Build.0 = Debug|Win32
		{38FBFAB0-17DC-48A3-9AD8-2E72A8C9F23D}.Release|x64.ActiveCfg = Release|x64
		{38FBFAB0-17DC-48A3-9AD8-2E72A8C9F23D}.Release|x64.Build.0 = Release|x64
		{38FBFAB0-17DC-48A3-9AD8-2E72A8C9F23D}.Release|x86.ActiveCfg = Release|Win32
		{38FBFAB0-17DC-48A3-9AD8-2E72A8C9F23D}.Release|x86.Build.0 = Release|Win32
		{C785953C-CA6B-4AC5-ACF4-5A47E500B974}.Debug|x64.ActiveCfg = Debug|x64
		{C785953C-CA6B-4AC5-ACF4-5A47E500B974}.Debug|x64.Build.0 = Debug|x64
		{C785953C-CA6B-4AC5-ACF4-5A47E500B974}.Debug|x86.ActiveCfg = Debug|Win32
		{C785953C-CA6B-4AC5-ACF4-5A47E500B974}.Debug|x86.Build.0 = Debug|Win32
		{C785953C-CA6B-4AC5-ACF4-5A47E500B974}.Release|x64.ActiveCfg = Release|x64
		{C785953C-CA6B-4AC5-ACF4-5A47E500B974}.Release|x64.Build.0 = Release|x64
		{C785953C-CA6B-4AC5-ACF4-5A47E500B974}.Release|x86.ActiveCfg = Release|Win32
		{C785953C-CA6B-4AC5-ACF4-5A47E500B974}.Release|x86.Build.0 = Release|Win32
		{00BD3906-0936-41DA-93CE-80E3EC8EEEA2}.Debug|x64.ActiveCfg = Debug|x64
		{00BD3906-0936-41DA-93CE-80E3EC8EEEA2}.Debug|x64.Build.0 = Debug|x64
		{00BD3906-0936-41DA-93CE-80E3EC8EEEA2}.Debug|x86.ActiveCfg = Debug|Win32
		{00BD3906-0936-41DA-93CE-80E3EC8EEEA2}.Debug|x86.Build.0 = Debug|Win32
		{00BD3906-0936-41DA-93CE-80E3EC8EEEA2}.Release|x64.ActiveCfg = Release|x64
		{00BD3906-0936-41DA-93CE-80E3EC8EEEA2}.Release|x64.Build.0 = Release|x64
		{00BD3906-0936-41DA-93CE-80E3EC8EEEA2}.Release|x86.ActiveCfg = Release|Win32
		{00BD3906-0936-41DA-93CE-80E3EC8EEEA2}.Release|x86.Build.0 = Release|Win32
	EndGlobalSection
	GlobalSection(SolutionProperties) = preSolution
		HideSolutionNode = FALSE
	EndGlobalSection
	GlobalSection(ExtensibilityGlobals) = postSolution
		SolutionGuid = {C22E864D-BD60-4B99-9183-2FF888BE9AB4}
	EndGlobalSection
EndGlobal
